schema: '2.0'
stages:
  process_data:
    cmd: python src/make_processed.py
    deps:
    - path: data/raw/customers.csv
      hash: md5
      md5: 5b404a8b91107ded6120d62e8c01668d
      size: 96
    - path: params.yml
      hash: md5
      md5: 8420cd503651beba3e9cfc079bde29ae
      size: 38
    - path: src/make_processed.py
      hash: md5
      md5: 947354aa4138a042448b6fd35677ca43
      size: 504
    outs:
    - path: data/processed/customers_clean.csv
      hash: md5
      md5: 194ca66a53e578ad9a455141b57786e1
      size: 83
  validate:
    cmd: python src/validate.py
    deps:
    - path: data/processed/customers_clean.csv
      hash: md5
      md5: 194ca66a53e578ad9a455141b57786e1
      size: 83
    - path: src/validate.py
      hash: md5
      md5: 7eccfc34183d4cbc7fd2fd330a79dda7
      size: 535
    outs:
    - path: reports/validation.txt
      hash: md5
      md5: 258452d4f51a919acd008c13268026bf
      size: 70
