schema: '2.0'
stages:
  mlops:
    cmd: python src/training.py
    deps:
    - path: data/data.csv
      hash: md5
      md5: 13078c30cdfc0522b4dc08ac7ad02736
      size: 95
    - path: params.yml
      hash: md5
      md5: 0b1d4947fb7e82977b144613ab3b0335
      size: 112
    - path: src/training.py
      hash: md5
      md5: cfa70ec064514aeb92a88bb66c0b45fb
      size: 1509
