schema: '2.0'
stages:
  process_data:
    cmd: python src/make_processed.py
    deps:
    - path: data/raw/iris.csv
      hash: md5
      md5: dff051a10c7d13e2226a16c51c53a9e7
      size: 5239
    - path: params.yml
      hash: md5
      md5: 35eacea060000f9ef18486ff5575bd60
      size: 78
    - path: src/make_processed.py
      hash: md5
      md5: 8cf76d029bfe24d0fe336bbe8c728500
      size: 1219
    outs:
    - path: data/processed/iris_cleaned.csv
      hash: md5
      md5: 7b2fbe9234269aa061f457e97f1bb528
      size: 980
  validate:
    cmd: python src/validate.py
    deps:
    - path: data/processed/iris_cleaned.csv
      hash: md5
      md5: 7b2fbe9234269aa061f457e97f1bb528
      size: 980
    - path: src/validate.py
      hash: md5
      md5: 7241a81106dc075aaee7341507972d6c
      size: 1187
    outs:
    - path: reports/metrics.json
      hash: md5
      md5: 16faf0cba10b3db71c2de5250f200fa0
      size: 1831
